// !$*UTF8*$!
{
	archiveVersion = 1;
	classes = {
	};
	objectVersion = 77;
	objects = {

/* Begin PBXContainerItemProxy section */
		7AF669302D64751200C1344A /* PBXContainerItemProxy */ = {
			isa = PBXContainerItemProxy;
			containerPortal = 7AF669112D64751100C1344A /* Project object */;
			proxyType = 1;
			remoteGlobalIDString = 7AF669182D64751100C1344A;
			remoteInfo = "Autodoc News";
		};
		7AF6693A2D64751200C1344A /* PBXContainerItemProxy */ = {
			isa = PBXContainerItemProxy;
			containerPortal = 7AF669112D64751100C1344A /* Project object */;
			proxyType = 1;
			remoteGlobalIDString = 7AF669182D64751100C1344A;
			remoteInfo = "Autodoc News";
		};
/* End PBXContainerItemProxy section */

/* Begin PBXFileReference section */
		7AF669192D64751100C1344A /* Autodoc News.app */ = {isa = PBXFileReference; explicitFileType = wrapper.application; includeInIndex = 0; path = "Autodoc News.app"; sourceTree = BUILT_PRODUCTS_DIR; };
		7AF6692F2D64751200C1344A /* Autodoc NewsTests.xctest */ = {isa = PBXFileReference; explicitFileType = wrapper.cfbundle; includeInIndex = 0; path = "Autodoc NewsTests.xctest"; sourceTree = BUILT_PRODUCTS_DIR; };
		7AF669392D64751200C1344A /* Autodoc NewsUITests.xctest */ = {isa = PBXFileReference; explicitFileType = wrapper.cfbundle; includeInIndex = 0; path = "Autodoc NewsUITests.xctest"; sourceTree = BUILT_PRODUCTS_DIR; };
/* End PBXFileReference section */

/* Begin PBXFileSystemSynchronizedBuildFileExceptionSet section */
		7AF669412D64751200C1344A /* Exceptions for "Autodoc News" folder in "Autodoc News" target */ = {
			isa = PBXFileSystemSynchronizedBuildFileExceptionSet;
			membershipExceptions = (
				Info.plist,
			);
			target = 7AF669182D64751100C1344A /* Autodoc News */;
		};
/* End PBXFileSystemSynchronizedBuildFileExceptionSet section */

/* Begin PBXFileSystemSynchronizedRootGroup section */
		7AF6691B2D64751100C1344A /* Autodoc News */ = {
			isa = PBXFileSystemSynchronizedRootGroup;
			exceptions = (
				7AF669412D64751200C1344A /* Exceptions for "Autodoc News" folder in "Autodoc News" target */,
			);
			path = "Autodoc News";
			sourceTree = "<group>";
		};
		7AF669322D64751200C1344A /* Autodoc NewsTests */ = {
			isa = PBXFileSystemSynchronizedRootGroup;
			path = "Autodoc NewsTests";
			sourceTree = "<group>";
		};
		7AF6693C2D64751200C1344A /* Autodoc NewsUITests */ = {
			isa = PBXFileSystemSynchronizedRootGroup;
			path = "Autodoc NewsUITests";
			sourceTree = "<group>";
		};
/* End PBXFileSystemSynchronizedRootGroup section */

/* Begin PBXFrameworksBuildPhase section */
		7AF669162D64751100C1344A /* Frameworks */ = {
			isa = PBXFrameworksBuildPhase;
			buildActionMask = 2147483647;
			files = (
			);
			runOnlyForDeploymentPostprocessing = 0;
		};
		7AF6692C2D64751200C1344A /* Frameworks */ = {
			isa = PBXFrameworksBuildPhase;
			buildActionMask = 2147483647;
			files = (
			);
			runOnlyForDeploymentPostprocessing = 0;
		};
		7AF669362D64751200C1344A /* Frameworks */ = {
			isa = PBXFrameworksBuildPhase;
			buildActionMask = 2147483647;
			files = (
			);
			runOnlyForDeploymentPostprocessing = 0;
		};
/* End PBXFrameworksBuildPhase section */

/* Begin PBXGroup section */
		7AF669102D64751100C1344A = {
			isa = PBXGroup;
			children = (
				7AF6691B2D64751100C1344A /* Autodoc News */,
				7AF669322D64751200C1344A /* Autodoc NewsTests */,
				7AF6693C2D64751200C1344A /* Autodoc NewsUITests */,
				7AF6691A2D64751100C1344A /* Products */,
			);
			sourceTree = "<group>";
		};
		7AF6691A2D64751100C1344A /* Products */ = {
			isa = PBXGroup;
			children = (
				7AF669192D64751100C1344A /* Autodoc News.app */,
				7AF6692F2D64751200C1344A /* Autodoc NewsTests.xctest */,
				7AF669392D64751200C1344A /* Autodoc NewsUITests.xctest */,
			);
			name = Products;
			sourceTree = "<group>";
		};
/* End PBXGroup section */

/* Begin PBXNativeTarget section */
		7AF669182D64751100C1344A /* Autodoc News */ = {
			isa = PBXNativeTarget;
			buildConfigurationList = 7AF669422D64751200C1344A /* Build configuration list for PBXNativeTarget "Autodoc News" */;
			buildPhases = (
				7AF669152D64751100C1344A /* Sources */,
				7AF669162D64751100C1344A /* Frameworks */,
				7AF669172D64751100C1344A /* Resources */,
			);
			buildRules = (
			);
			dependencies = (
			);
			fileSystemSynchronizedGroups = (
				7AF6691B2D64751100C1344A /* Autodoc News */,
			);
			name = "Autodoc News";
			packageProductDependencies = (
			);
			productName = "Autodoc News";
			productReference = 7AF669192D64751100C1344A /* Autodoc News.app */;
			productType = "com.apple.product-type.application";
		};
		7AF6692E2D64751200C1344A /* Autodoc NewsTests */ = {
			isa = PBXNativeTarget;
			buildConfigurationList = 7AF669472D64751200C1344A /* Build configuration list for PBXNativeTarget "Autodoc NewsTests" */;
			buildPhases = (
				7AF6692B2D64751200C1344A /* Sources */,
				7AF6692C2D64751200C1344A /* Frameworks */,
				7AF6692D2D64751200C1344A /* Resources */,
			);
			buildRules = (
			);
			dependencies = (
				7AF669312D64751200C1344A /* PBXTargetDependency */,
			);
			fileSystemSynchronizedGroups = (
				7AF669322D64751200C1344A /* Autodoc NewsTests */,
			);
			name = "Autodoc NewsTests";
			packageProductDependencies = (
			);
			productName = "Autodoc NewsTests";
			productReference = 7AF6692F2D64751200C1344A /* Autodoc NewsTests.xctest */;
			productType = "com.apple.product-type.bundle.unit-test";
		};
		7AF669382D64751200C1344A /* Autodoc NewsUITests */ = {
			isa = PBXNativeTarget;
			buildConfigurationList = 7AF6694A2D64751200C1344A /* Build configuration list for PBXNativeTarget "Autodoc NewsUITests" */;
			buildPhases = (
				7AF669352D64751200C1344A /* Sources */,
				7AF669362D64751200C1344A /* Frameworks */,
				7AF669372D64751200C1344A /* Resources */,
			);
			buildRules = (
			);
			dependencies = (
				7AF6693B2D64751200C1344A /* PBXTargetDependency */,
			);
			fileSystemSynchronizedGroups = (
				7AF6693C2D64751200C1344A /* Autodoc NewsUITests */,
			);
			name = "Autodoc NewsUITests";
			packageProductDependencies = (
			);
			productName = "Autodoc NewsUITests";
			productReference = 7AF669392D64751200C1344A /* Autodoc NewsUITests.xctest */;
			productType = "com.apple.product-type.bundle.ui-testing";
		};
/* End PBXNativeTarget section */

/* Begin PBXProject section */
		7AF669112D64751100C1344A /* Project object */ = {
			isa = PBXProject;
			attributes = {
				BuildIndependentTargetsInParallel = 1;
				LastSwiftUpdateCheck = 1610;
				LastUpgradeCheck = 1610;
				TargetAttributes = {
					7AF669182D64751100C1344A = {
						CreatedOnToolsVersion = 16.1;
					};
					7AF6692E2D64751200C1344A = {
						CreatedOnToolsVersion = 16.1;
						TestTargetID = 7AF669182D64751100C1344A;
					};
					7AF669382D64751200C1344A = {
						CreatedOnToolsVersion = 16.1;
						TestTargetID = 7AF669182D64751100C1344A;
					};
				};
			};
			buildConfigurationList = 7AF669142D64751100C1344A /* Build configuration list for PBXProject "Autodoc News" */;
			developmentRegion = en;
			hasScannedForEncodings = 0;
			knownRegions = (
				en,
				Base,
			);
			mainGroup = 7AF669102D64751100C1344A;
			minimizedProjectReferenceProxies = 1;
			preferredProjectObjectVersion = 77;
			productRefGroup = 7AF6691A2D64751100C1344A /* Products */;
			projectDirPath = "";
			projectRoot = "";
			targets = (
				7AF669182D64751100C1344A /* Autodoc News */,
				7AF6692E2D64751200C1344A /* Autodoc NewsTests */,
				7AF669382D64751200C1344A /* Autodoc NewsUITests */,
			);
		};
/* End PBXProject section */

/* Begin PBXResourcesBuildPhase section */
		7AF669172D64751100C1344A /* Resources */ = {
			isa = PBXResourcesBuildPhase;
			buildActionMask = 2147483647;
			files = (
			);
			runOnlyForDeploymentPostprocessing = 0;
		};
		7AF6692D2D64751200C1344A /* Resources */ = {
			isa = PBXResourcesBuildPhase;
			buildActionMask = 2147483647;
			files = (
			);
			runOnlyForDeploymentPostprocessing = 0;
		};
		7AF669372D64751200C1344A /* Resources */ = {
			isa = PBXResourcesBuildPhase;
			buildActionMask = 2147483647;
			files = (
			);
			runOnlyForDeploymentPostprocessing = 0;
		};
/* End PBXResourcesBuildPhase section */

/* Begin PBXSourcesBuildPhase section */
		7AF669152D64751100C1344A /* Sources */ = {
			isa = PBXSourcesBuildPhase;
			buildActionMask = 2147483647;
			files = (
			);
			runOnlyForDeploymentPostprocessing = 0;
		};
		7AF6692B2D64751200C1344A /* Sources */ = {
			isa = PBXSourcesBuildPhase;
			buildActionMask = 2147483647;
			files = (
			);
			runOnlyForDeploymentPostprocessing = 0;
		};
		7AF669352D64751200C1344A /* Sources */ = {
			isa = PBXSourcesBuildPhase;
			buildActionMask = 2147483647;
			files = (
			);
			runOnlyForDeploymentPostprocessing = 0;
		};
/* End PBXSourcesBuildPhase section */

/* Begin PBXTargetDependency section */
		7AF669312D64751200C1344A /* PBXTargetDependency */ = {
			isa = PBXTargetDependency;
			target = 7AF669182D64751100C1344A /* Autodoc News */;
			targetProxy = 7AF669302D64751200C1344A /* PBXContainerItemProxy */;
		};
		7AF6693B2D64751200C1344A /* PBXTargetDependency */ = {
			isa = PBXTargetDependency;
			target = 7AF669182D64751100C1344A /* Autodoc News */;
			targetProxy = 7AF6693A2D64751200C1344A /* PBXContainerItemProxy */;
		};
/* End PBXTargetDependency section */

/* Begin XCBuildConfiguration section */
		7AF669432D64751200C1344A /* Debug */ = {
			isa = XCBuildConfiguration;
			buildSettings = {
				ASSETCATALOG_COMPILER_APPICON_NAME = AppIcon;
				ASSETCATALOG_COMPILER_GLOBAL_ACCENT_COLOR_NAME = AccentColor;
				CODE_SIGN_STYLE = Automatic;
				CURRENT_PROJECT_VERSION = 1;
				DEVELOPMENT_TEAM = 67DMP38L7A;
				GENERATE_INFOPLIST_FILE = YES;
				INFOPLIST_FILE = "Autodoc News/Info.plist";
				INFOPLIST_KEY_UIApplicationSupportsIndirectInputEvents = YES;
				INFOPLIST_KEY_UILaunchStoryboardName = LaunchScreen;
				INFOPLIST_KEY_UIMainStoryboardFile = Main;
				INFOPLIST_KEY_UISupportedInterfaceOrientations_iPad = "UIInterfaceOrientationPortrait UIInterfaceOrientationPortraitUpsideDown UIInterfaceOrientationLandscapeLeft UIInterfaceOrientationLandscapeRight";
				INFOPLIST_KEY_UISupportedInterfaceOrientations_iPhone = "UIInterfaceOrientationPortrait UIInterfaceOrientationLandscapeLeft UIInterfaceOrientationLandscapeRight";
				LD_RUNPATH_SEARCH_PATHS = (
					"$(inherited)",
					"@executable_path/Frameworks",
				);
				MARKETING_VERSION = 1.0;
				PRODUCT_BUNDLE_IDENTIFIER = "com.autodoc.boris-kuznetsov.Autodoc-News";
				PRODUCT_NAME = "$(TARGET_NAME)";
				SWIFT_EMIT_LOC_STRINGS = YES;
				SWIFT_VERSION = 5.0;
				TARGETED_DEVICE_FAMILY = "1,2";
			};
			name = Debug;
		};
		7AF669442D64751200C1344A /* Release */ = {
			isa = XCBuildConfiguration;
			buildSettings = {
				ASSETCATALOG_COMPILER_APPICON_NAME = AppIcon;
				ASSETCATALOG_COMPILER_GLOBAL_ACCENT_COLOR_NAME = AccentColor;
				CODE_SIGN_STYLE = Automatic;
				CURRENT_PROJECT_VERSION = 1;
				DEVELOPMENT_TEAM = 67DMP38L7A;
				GENERATE_INFOPLIST_FILE = YES;
				INFOPLIST_FILE = "Autodoc News/Info.plist";
				INFOPLIST_KEY_UIApplicationSupportsIndirectInputEvents = YES;
				INFOPLIST_KEY_UILaunchStoryboardName = LaunchScreen;
				INFOPLIST_KEY_UIMainStoryboardFile = Main;
				INFOPLIST_KEY_UISupportedInterfaceOrientations_iPad = "UIInterfaceOrientationPortrait UIInterfaceOrientationPortraitUpsideDown UIInterfaceOrientationLandscapeLeft UIInterfaceOrientationLandscapeRight";
				INFOPLIST_KEY_UISupportedInterfaceOrientations_iPhone = "UIInterfaceOrientationPortrait UIInterfaceOrientationLandscapeLeft UIInterfaceOrientationLandscapeRight";
				LD_RUNPATH_SEARCH_PATHS = (
					"$(inherited)",
					"@executable_path/Frameworks",
				);
				MARKETING_VERSION = 1.0;
				PRODUCT_BUNDLE_IDENTIFIER = "com.autodoc.boris-kuznetsov.Autodoc-News";
				PRODUCT_NAME = "$(TARGET_NAME)";
				SWIFT_EMIT_LOC_STRINGS = YES;
				SWIFT_VERSION = 5.0;
				TARGETED_DEVICE_FAMILY = "1,2";
			};
			name = Release;
		};
		7AF669452D64751200C1344A /* Debug */ = {
			isa = XCBuildConfiguration;
			buildSettings = {
				ALWAYS_SEARCH_USER_PATHS = NO;
				ASSETCATALOG_COMPILER_GENERATE_SWIFT_ASSET_SYMBOL_EXTENSIONS = YES;
				CLANG_ANALYZER_NONNULL = YES;
				CLANG_ANALYZER_NUMBER_OBJECT_CONVERSION = YES_AGGRESSIVE;
				CLANG_CXX_LANGUAGE_STANDARD = "gnu++20";
				CLANG_ENABLE_MODULES = YES;
				CLANG_ENABLE_OBJC_ARC = YES;
				CLANG_ENABLE_OBJC_WEAK = YES;
				CLANG_WARN_BLOCK_CAPTURE_AUTORELEASING = YES;
				CLANG_WARN_BOOL_CONVERSION = YES;
				CLANG_WARN_COMMA = YES;
				CLANG_WARN_CONSTANT_CONVERSION = YES;
				CLANG_WARN_DEPRECATED_OBJC_IMPLEMENTATIONS = YES;
				CLANG_WARN_DIRECT_OBJC_ISA_USAGE = YES_ERROR;
				CLANG_WARN_DOCUMENTATION_COMMENTS = YES;
				CLANG_WARN_EMPTY_BODY = YES;
				CLANG_WARN_ENUM_CONVERSION = YES;
				CLANG_WARN_INFINITE_RECURSION = YES;
				CLANG_WARN_INT_CONVERSION = YES;
				CLANG_WARN_NON_LITERAL_NULL_CONVERSION = YES;
				CLANG_WARN_OBJC_IMPLICIT_RETAIN_SELF = YES;
				CLANG_WARN_OBJC_LITERAL_CONVERSION = YES;
				CLANG_WARN_OBJC_ROOT_CLASS = YES_ERROR;
				CLANG_WARN_QUOTED_INCLUDE_IN_FRAMEWORK_HEADER = YES;
				CLANG_WARN_RANGE_LOOP_ANALYSIS = YES;
				CLANG_WARN_STRICT_PROTOTYPES = YES;
				CLANG_WARN_SUSPICIOUS_MOVE = YES;
				CLANG_WARN_UNGUARDED_AVAILABILITY = YES_AGGRESSIVE;
				CLANG_WARN_UNREACHABLE_CODE = YES;
				CLANG_WARN__DUPLICATE_METHOD_MATCH = YES;
				COPY_PHASE_STRIP = NO;
				DEBUG_INFORMATION_FORMAT = dwarf;
				ENABLE_STRICT_OBJC_MSGSEND = YES;
				ENABLE_TESTABILITY = YES;
				ENABLE_USER_SCRIPT_SANDBOXING = YES;
				GCC_C_LANGUAGE_STANDARD = gnu17;
				GCC_DYNAMIC_NO_PIC = NO;
				GCC_NO_COMMON_BLOCKS = YES;
				GCC_OPTIMIZATION_LEVEL = 0;
				GCC_PREPROCESSOR_DEFINITIONS = (
					"DEBUG=1",
					"$(inherited)",
				);
				GCC_WARN_64_TO_32_BIT_CONVERSION = YES;
				GCC_WARN_ABOUT_RETURN_TYPE = YES_ERROR;
				GCC_WARN_UNDECLARED_SELECTOR = YES;
				GCC_WARN_UNINITIALIZED_AUTOS = YES_AGGRESSIVE;
				GCC_WARN_UNUSED_FUNCTION = YES;
				GCC_WARN_UNUSED_VARIABLE = YES;
				IPHONEOS_DEPLOYMENT_TARGET = 18.1;
				LOCALIZATION_PREFERS_STRING_CATALOGS = YES;
				MTL_ENABLE_DEBUG_INFO = INCLUDE_SOURCE;
				MTL_FAST_MATH = YES;
				ONLY_ACTIVE_ARCH = YES;
				SDKROOT = iphoneos;
				SWIFT_ACTIVE_COMPILATION_CONDITIONS = "DEBUG $(inherited)";
				SWIFT_OPTIMIZATION_LEVEL = "-Onone";
			};
			name = Debug;
		};
		7AF669462D64751200C1344A /* Release */ = {
			isa = XCBuildConfiguration;
			buildSettings = {
				ALWAYS_SEARCH_USER_PATHS = NO;
				ASSETCATALOG_COMPILER_GENERATE_SWIFT_ASSET_SYMBOL_EXTENSIONS = YES;
				CLANG_ANALYZER_NONNULL = YES;
				CLANG_ANALYZER_NUMBER_OBJECT_CONVERSION = YES_AGGRESSIVE;
				CLANG_CXX_LANGUAGE_STANDARD = "gnu++20";
				CLANG_ENABLE_MODULES = YES;
				CLANG_ENABLE_OBJC_ARC = YES;
				CLANG_ENABLE_OBJC_WEAK = YES;
				CLANG_WARN_BLOCK_CAPTURE_AUTORELEASING = YES;
				CLANG_WARN_BOOL_CONVERSION = YES;
				CLANG_WARN_COMMA = YES;
				CLANG_WARN_CONSTANT_CONVERSION = YES;
				CLANG_WARN_DEPRECATED_OBJC_IMPLEMENTATIONS = YES;
				CLANG_WARN_DIRECT_OBJC_ISA_USAGE = YES_ERROR;
				CLANG_WARN_DOCUMENTATION_COMMENTS = YES;
				CLANG_WARN_EMPTY_BODY = YES;
				CLANG_WARN_ENUM_CONVERSION = YES;
				CLANG_WARN_INFINITE_RECURSION = YES;
				CLANG_WARN_INT_CONVERSION = YES;
				CLANG_WARN_NON_LITERAL_NULL_CONVERSION = YES;
				CLANG_WARN_OBJC_IMPLICIT_RETAIN_SELF = YES;
				CLANG_WARN_OBJC_LITERAL_CONVERSION = YES;
				CLANG_WARN_OBJC_ROOT_CLASS = YES_ERROR;
				CLANG_WARN_QUOTED_INCLUDE_IN_FRAMEWORK_HEADER = YES;
				CLANG_WARN_RANGE_LOOP_ANALYSIS = YES;
				CLANG_WARN_STRICT_PROTOTYPES = YES;
				CLANG_WARN_SUSPICIOUS_MOVE = YES;
				CLANG_WARN_UNGUARDED_AVAILABILITY = YES_AGGRESSIVE;
				CLANG_WARN_UNREACHABLE_CODE = YES;
				CLANG_WARN__DUPLICATE_METHOD_MATCH = YES;
				COPY_PHASE_STRIP = NO;
				DEBUG_INFORMATION_FORMAT = "dwarf-with-dsym";
				ENABLE_NS_ASSERTIONS = NO;
				ENABLE_STRICT_OBJC_MSGSEND = YES;
				ENABLE_USER_SCRIPT_SANDBOXING = YES;
				GCC_C_LANGUAGE_STANDARD = gnu17;
				GCC_NO_COMMON_BLOCKS = YES;
				GCC_WARN_64_TO_32_BIT_CONVERSION = YES;
				GCC_WARN_ABOUT_RETURN_TYPE = YES_ERROR;
				GCC_WARN_UNDECLARED_SELECTOR = YES;
				GCC_WARN_UNINITIALIZED_AUTOS = YES_AGGRESSIVE;
				GCC_WARN_UNUSED_FUNCTION = YES;
				GCC_WARN_UNUSED_VARIABLE = YES;
				IPHONEOS_DEPLOYMENT_TARGET = 18.1;
				LOCALIZATION_PREFERS_STRING_CATALOGS = YES;
				MTL_ENABLE_DEBUG_INFO = NO;
				MTL_FAST_MATH = YES;
				SDKROOT = iphoneos;
				SWIFT_COMPILATION_MODE = wholemodule;
				VALIDATE_PRODUCT = YES;
			};
			name = Release;
		};
		7AF669482D64751200C1344A /* Debug */ = {
			isa = XCBuildConfiguration;
			buildSettings = {
				BUNDLE_LOADER = "$(TEST_HOST)";
				CODE_SIGN_STYLE = Automatic;
				CURRENT_PROJECT_VERSION = 1;
				GENERATE_INFOPLIST_FILE = YES;
				IPHONEOS_DEPLOYMENT_TARGET = 18.1;
				MARKETING_VERSION = 1.0;
				PRODUCT_BUNDLE_IDENTIFIER = "com.autodoc.boris-kuznetsov.Autodoc-NewsTests";
				PRODUCT_NAME = "$(TARGET_NAME)";
				SWIFT_EMIT_LOC_STRINGS = NO;
				SWIFT_VERSION = 5.0;
				TARGETED_DEVICE_FAMILY = "1,2";
				TEST_HOST = "$(BUILT_PRODUCTS_DIR)/Autodoc News.app/$(BUNDLE_EXECUTABLE_FOLDER_PATH)/Autodoc News";
			};
			name = Debug;
		};
		7AF669492D64751200C1344A /* Release */ = {
			isa = XCBuildConfiguration;
			buildSettings = {
				BUNDLE_LOADER = "$(TEST_HOST)";
				CODE_SIGN_STYLE = Automatic;
				CURRENT_PROJECT_VERSION = 1;
				GENERATE_INFOPLIST_FILE = YES;
				IPHONEOS_DEPLOYMENT_TARGET = 18.1;
				MARKETING_VERSION = 1.0;
				PRODUCT_BUNDLE_IDENTIFIER = "com.autodoc.boris-kuznetsov.Autodoc-NewsTests";
				PRODUCT_NAME = "$(TARGET_NAME)";
				SWIFT_EMIT_LOC_STRINGS = NO;
				SWIFT_VERSION = 5.0;
				TARGETED_DEVICE_FAMILY = "1,2";
				TEST_HOST = "$(BUILT_PRODUCTS_DIR)/Autodoc News.app/$(BUNDLE_EXECUTABLE_FOLDER_PATH)/Autodoc News";
			};
			name = Release;
		};
		7AF6694B2D64751200C1344A /* Debug */ = {
			isa = XCBuildConfiguration;
			buildSettings = {
				CODE_SIGN_STYLE = Automatic;
				CURRENT_PROJECT_VERSION = 1;
				GENERATE_INFOPLIST_FILE = YES;
				MARKETING_VERSION = 1.0;
				PRODUCT_BUNDLE_IDENTIFIER = "com.autodoc.boris-kuznetsov.Autodoc-NewsUITests";
				PRODUCT_NAME = "$(TARGET_NAME)";
				SWIFT_EMIT_LOC_STRINGS = NO;
				SWIFT_VERSION = 5.0;
				TARGETED_DEVICE_FAMILY = "1,2";
				TEST_TARGET_NAME = "Autodoc News";
			};
			name = Debug;
		};
		7AF6694C2D64751200C1344A /* Release */ = {
			isa = XCBuildConfiguration;
			buildSettings = {
				CODE_SIGN_STYLE = Automatic;
				CURRENT_PROJECT_VERSION = 1;
				GENERATE_INFOPLIST_FILE = YES;
				MARKETING_VERSION = 1.0;
				PRODUCT_BUNDLE_IDENTIFIER = "com.autodoc.boris-kuznetsov.Autodoc-NewsUITests";
				PRODUCT_NAME = "$(TARGET_NAME)";
				SWIFT_EMIT_LOC_STRINGS = NO;
				SWIFT_VERSION = 5.0;
				TARGETED_DEVICE_FAMILY = "1,2";
				TEST_TARGET_NAME = "Autodoc News";
			};
			name = Release;
		};
/* End XCBuildConfiguration section */

/* Begin XCConfigurationList section */
		7AF669142D64751100C1344A /* Build configuration list for PBXProject "Autodoc News" */ = {
			isa = XCConfigurationList;
			buildConfigurations = (
				7AF669452D64751200C1344A /* Debug */,
				7AF669462D64751200C1344A /* Release */,
			);
			defaultConfigurationIsVisible = 0;
			defaultConfigurationName = Release;
		};
		7AF669422D64751200C1344A /* Build configuration list for PBXNativeTarget "Autodoc News" */ = {
			isa = XCConfigurationList;
			buildConfigurations = (
				7AF669432D64751200C1344A /* Debug */,
				7AF669442D64751200C1344A /* Release */,
			);
			defaultConfigurationIsVisible = 0;
			defaultConfigurationName = Release;
		};
		7AF669472D64751200C1344A /* Build configuration list for PBXNativeTarget "Autodoc NewsTests" */ = {
			isa = XCConfigurationList;
			buildConfigurations = (
				7AF669482D64751200C1344A /* Debug */,
				7AF669492D64751200C1344A /* Release */,
			);
			defaultConfigurationIsVisible = 0;
			defaultConfigurationName = Release;
		};
		7AF6694A2D64751200C1344A /* Build configuration list for PBXNativeTarget "Autodoc NewsUITests" */ = {
			isa = XCConfigurationList;
			buildConfigurations = (
				7AF6694B2D64751200C1344A /* Debug */,
				7AF6694C2D64751200C1344A /* Release */,
			);
			defaultConfigurationIsVisible = 0;
			defaultConfigurationName = Release;
		};
/* End XCConfigurationList section */
	};
	rootObject = 7AF669112D64751100C1344A /* Project object */;
}
